
Microsoft Visual Studio Solution File, Format Version 12.00
# Visual Studio Version 17
VisualStudioVersion = 17.1.32210.238
MinimumVisualStudioVersion = 10.0.40219.1
Project("{FAE04EC0-301F-11D3-BF4B-00C04F79EFBC}") = "Simulation", "Simulation\Simulation.csproj", "{C02C0C2C-B3D8-437C-BE49-7C2AEB60E6E4}"
EndProject
Global
	GlobalSection(SolutionConfigurationPlatforms) = preSolution
		Debug|Any CPU = Debug|Any CPU
		Release|Any CPU = Release|Any CPU
	EndGlobalSection
	GlobalSection(ProjectConfigurationPlatforms) = postSolution
		{C02C0C2C-B3D8-437C-BE49-7C2AEB60E6E4}.Debug|Any CPU.ActiveCfg = Debug|Any CPU
		{C02C0C2C-B3D8-437C-BE49-7C2AEB60E6E4}.Debug|Any CPU.Build.0 = Debug|Any CPU
		{C02C0C2C-B3D8-437C-BE49-7C2AEB60E6E4}.Release|Any CPU.ActiveCfg = Release|Any CPU
		{C02C0C2C-B3D8-437C-BE49-7C2AEB60E6E4}.Release|Any CPU.Build.0 = Release|Any CPU
	EndGlobalSection
	GlobalSection(SolutionProperties) = preSolution
		HideSolutionNode = FALSE
	EndGlobalSection
	GlobalSection(ExtensibilityGlobals) = postSolution
		SolutionGuid = {E1177C9B-0A84-4981-9B57-3F182A3C6DC8}
	EndGlobalSection
EndGlobal
